// !$*UTF8*$!
{
	archiveVersion = 1;
	classes = {
	};
	objectVersion = 56;
	objects = {

/* Begin PBXBuildFile section */
		6B30338329FF6E9800CBA23C /* Swift_30_Projects_ToDoApp.swift in Sources */ = {isa = PBXBuildFile; fileRef = 6B30338229FF6E9800CBA23C /* Swift_30_Projects_ToDoApp.swift */; };
		6B30338529FF6E9800CBA23C /* TodoInputView.swift in Sources */ = {isa = PBXBuildFile; fileRef = 6B30338429FF6E9800CBA23C /* TodoInputView.swift */; };
		6B30338729FF6E9A00CBA23C /* Assets.xcassets in Resources */ = {isa = PBXBuildFile; fileRef = 6B30338629FF6E9A00CBA23C /* Assets.xcassets */; };
		6B30338A29FF6E9A00CBA23C /* Preview Assets.xcassets in Resources */ = {isa = PBXBuildFile; fileRef = 6B30338929FF6E9A00CBA23C /* Preview Assets.xcassets */; };
		6B30339129FF6F1700CBA23C /* ToDoItem.swift in Sources */ = {isa = PBXBuildFile; fileRef = 6B30339029FF6F1700CBA23C /* ToDoItem.swift */; };
		6B30339329FF95A300CBA23C /* TodoListView.swift in Sources */ = {isa = PBXBuildFile; fileRef = 6B30339229FF95A300CBA23C /* TodoListView.swift */; };
		6B3033952A014CF700CBA23C /* TodoItemCell.swift in Sources */ = {isa = PBXBuildFile; fileRef = 6B3033942A014CF700CBA23C /* TodoItemCell.swift */; };
		6B3033972A014E4300CBA23C /* TodoListViewModel.swift in Sources */ = {isa = PBXBuildFile; fileRef = 6B3033962A014E4300CBA23C /* TodoListViewModel.swift */; };
		6B3033992A014EE500CBA23C /* TodoInputViewModel.swift in Sources */ = {isa = PBXBuildFile; fileRef = 6B3033982A014EE500CBA23C /* TodoInputViewModel.swift */; };
		6B3033C62A053E5A00CBA23C /* delete.png in Resources */ = {isa = PBXBuildFile; fileRef = 6B3033C22A053E5A00CBA23C /* delete.png */; };
		6B3033C72A053E5A00CBA23C /* read.png in Resources */ = {isa = PBXBuildFile; fileRef = 6B3033C32A053E5A00CBA23C /* read.png */; };
		6B3033C82A053E5A00CBA23C /* update.png in Resources */ = {isa = PBXBuildFile; fileRef = 6B3033C42A053E5A00CBA23C /* update.png */; };
		6B3033C92A053E5A00CBA23C /* create.png in Resources */ = {isa = PBXBuildFile; fileRef = 6B3033C52A053E5A00CBA23C /* create.png */; };
/* End PBXBuildFile section */

/* Begin PBXFileReference section */
		6B30337F29FF6E9800CBA23C /* Swift_30_Projects_ToDo.app */ = {isa = PBXFileReference; explicitFileType = wrapper.application; includeInIndex = 0; path = Swift_30_Projects_ToDo.app; sourceTree = BUILT_PRODUCTS_DIR; };
		6B30338229FF6E9800CBA23C /* Swift_30_Projects_ToDoApp.swift */ = {isa = PBXFileReference; lastKnownFileType = sourcecode.swift; path = Swift_30_Projects_ToDoApp.swift; sourceTree = "<group>"; };
		6B30338429FF6E9800CBA23C /* TodoInputView.swift */ = {isa = PBXFileReference; lastKnownFileType = sourcecode.swift; path = TodoInputView.swift; sourceTree = "<group>"; };
		6B30338629FF6E9A00CBA23C /* Assets.xcassets */ = {isa = PBXFileReference; lastKnownFileType = folder.assetcatalog; path = Assets.xcassets; sourceTree = "<group>"; };
		6B30338929FF6E9A00CBA23C /* Preview Assets.xcassets */ = {isa = PBXFileReference; lastKnownFileType = folder.assetcatalog; path = "Preview Assets.xcassets"; sourceTree = "<group>"; };
		6B30339029FF6F1700CBA23C /* ToDoItem.swift */ = {isa = PBXFileReference; lastKnownFileType = sourcecode.swift; path = ToDoItem.swift; sourceTree = "<group>"; };
		6B30339229FF95A300CBA23C /* TodoListView.swift */ = {isa = PBXFileReference; lastKnownFileType = sourcecode.swift; path = TodoListView.swift; sourceTree = "<group>"; };
		6B3033942A014CF700CBA23C /* TodoItemCell.swift */ = {isa = PBXFileReference; lastKnownFileType = sourcecode.swift; path = TodoItemCell.swift; sourceTree = "<group>"; };
		6B3033962A014E4300CBA23C /* TodoListViewModel.swift */ = {isa = PBXFileReference; lastKnownFileType = sourcecode.swift; path = TodoListViewModel.swift; sourceTree = "<group>"; };
		6B3033982A014EE500CBA23C /* TodoInputViewModel.swift */ = {isa = PBXFileReference; lastKnownFileType = sourcecode.swift; path = TodoInputViewModel.swift; sourceTree = "<group>"; };
		6B3033C02A052B9300CBA23C /* README.md */ = {isa = PBXFileReference; lastKnownFileType = net.daringfireball.markdown; path = README.md; sourceTree = "<group>"; };
		6B3033C22A053E5A00CBA23C /* delete.png */ = {isa = PBXFileReference; lastKnownFileType = image.png; path = delete.png; sourceTree = "<group>"; };
		6B3033C32A053E5A00CBA23C /* read.png */ = {isa = PBXFileReference; lastKnownFileType = image.png; path = read.png; sourceTree = "<group>"; };
		6B3033C42A053E5A00CBA23C /* update.png */ = {isa = PBXFileReference; lastKnownFileType = image.png; path = update.png; sourceTree = "<group>"; };
		6B3033C52A053E5A00CBA23C /* create.png */ = {isa = PBXFileReference; lastKnownFileType = image.png; path = create.png; sourceTree = "<group>"; };
/* End PBXFileReference section */

/* Begin PBXFrameworksBuildPhase section */
		6B30337C29FF6E9800CBA23C /* Frameworks */ = {
			isa = PBXFrameworksBuildPhase;
			buildActionMask = 2147483647;
			files = (
			);
			runOnlyForDeploymentPostprocessing = 0;
		};
/* End PBXFrameworksBuildPhase section */

/* Begin PBXGroup section */
		6B30337629FF6E9800CBA23C = {
			isa = PBXGroup;
			children = (
				6B3033C02A052B9300CBA23C /* README.md */,
				6B3033C12A053E2300CBA23C /* Images */,
				6B30338129FF6E9800CBA23C /* Swift_30_Projects_ToDo */,
				6B30338029FF6E9800CBA23C /* Products */,
			);
			sourceTree = "<group>";
		};
		6B30338029FF6E9800CBA23C /* Products */ = {
			isa = PBXGroup;
			children = (
				6B30337F29FF6E9800CBA23C /* Swift_30_Projects_ToDo.app */,
			);
			name = Products;
			sourceTree = "<group>";
		};
		6B30338129FF6E9800CBA23C /* Swift_30_Projects_ToDo */ = {
			isa = PBXGroup;
			children = (
				6B30338229FF6E9800CBA23C /* Swift_30_Projects_ToDoApp.swift */,
				6B30339229FF95A300CBA23C /* TodoListView.swift */,
				6B3033962A014E4300CBA23C /* TodoListViewModel.swift */,
				6B3033982A014EE500CBA23C /* TodoInputViewModel.swift */,
				6B3033942A014CF700CBA23C /* TodoItemCell.swift */,
				6B30338429FF6E9800CBA23C /* TodoInputView.swift */,
				6B30339029FF6F1700CBA23C /* ToDoItem.swift */,
				6B30338629FF6E9A00CBA23C /* Assets.xcassets */,
				6B30338829FF6E9A00CBA23C /* Preview Content */,
			);
			path = Swift_30_Projects_ToDo;
			sourceTree = "<group>";
		};
		6B30338829FF6E9A00CBA23C /* Preview Content */ = {
			isa = PBXGroup;
			children = (
				6B30338929FF6E9A00CBA23C /* Preview Assets.xcassets */,
			);
			path = "Preview Content";
			sourceTree = "<group>";
		};
		6B3033C12A053E2300CBA23C /* Images */ = {
			isa = PBXGroup;
			children = (
				6B3033C52A053E5A00CBA23C /* create.png */,
				6B3033C22A053E5A00CBA23C /* delete.png */,
				6B3033C32A053E5A00CBA23C /* read.png */,
				6B3033C42A053E5A00CBA23C /* update.png */,
			);
			path = Images;
			sourceTree = "<group>";
		};
/* End PBXGroup section */

/* Begin PBXNativeTarget section */
		6B30337E29FF6E9800CBA23C /* Swift_30_Projects_ToDo */ = {
			isa = PBXNativeTarget;
			buildConfigurationList = 6B30338D29FF6E9A00CBA23C /* Build configuration list for PBXNativeTarget "Swift_30_Projects_ToDo" */;
			buildPhases = (
				6B30337B29FF6E9800CBA23C /* Sources */,
				6B30337C29FF6E9800CBA23C /* Frameworks */,
				6B30337D29FF6E9800CBA23C /* Resources */,
			);
			buildRules = (
			);
			dependencies = (
			);
			name = Swift_30_Projects_ToDo;
			productName = Swift_30_Projects_ToDo;
			productReference = 6B30337F29FF6E9800CBA23C /* Swift_30_Projects_ToDo.app */;
			productType = "com.apple.product-type.application";
		};
/* End PBXNativeTarget section */

/* Begin PBXProject section */
		6B30337729FF6E9800CBA23C /* Project object */ = {
			isa = PBXProject;
			attributes = {
				BuildIndependentTargetsInParallel = 1;
				LastSwiftUpdateCheck = 1430;
				LastUpgradeCheck = 1430;
				TargetAttributes = {
					6B30337E29FF6E9800CBA23C = {
						CreatedOnToolsVersion = 14.3;
					};
				};
			};
			buildConfigurationList = 6B30337A29FF6E9800CBA23C /* Build configuration list for PBXProject "Swift_30_Projects_ToDo" */;
			compatibilityVersion = "Xcode 14.0";
			developmentRegion = en;
			hasScannedForEncodings = 0;
			knownRegions = (
				en,
				Base,
			);
			mainGroup = 6B30337629FF6E9800CBA23C;
			productRefGroup = 6B30338029FF6E9800CBA23C /* Products */;
			projectDirPath = "";
			projectRoot = "";
			targets = (
				6B30337E29FF6E9800CBA23C /* Swift_30_Projects_ToDo */,
			);
		};
/* End PBXProject section */

/* Begin PBXResourcesBuildPhase section */
		6B30337D29FF6E9800CBA23C /* Resources */ = {
			isa = PBXResourcesBuildPhase;
			buildActionMask = 2147483647;
			files = (
				6B3033C62A053E5A00CBA23C /* delete.png in Resources */,
				6B30338A29FF6E9A00CBA23C /* Preview Assets.xcassets in Resources */,
				6B30338729FF6E9A00CBA23C /* Assets.xcassets in Resources */,
				6B3033C92A053E5A00CBA23C /* create.png in Resources */,
				6B3033C72A053E5A00CBA23C /* read.png in Resources */,
				6B3033C82A053E5A00CBA23C /* update.png in Resources */,
			);
			runOnlyForDeploymentPostprocessing = 0;
		};
/* End PBXResourcesBuildPhase section */

/* Begin PBXSourcesBuildPhase section */
		6B30337B29FF6E9800CBA23C /* Sources */ = {
			isa = PBXSourcesBuildPhase;
			buildActionMask = 2147483647;
			files = (
				6B30338529FF6E9800CBA23C /* TodoInputView.swift in Sources */,
				6B30338329FF6E9800CBA23C /* Swift_30_Projects_ToDoApp.swift in Sources */,
				6B30339329FF95A300CBA23C /* TodoListView.swift in Sources */,
				6B3033952A014CF700CBA23C /* TodoItemCell.swift in Sources */,
				6B3033972A014E4300CBA23C /* TodoListViewModel.swift in Sources */,
				6B30339129FF6F1700CBA23C /* ToDoItem.swift in Sources */,
				6B3033992A014EE500CBA23C /* TodoInputViewModel.swift in Sources */,
			);
			runOnlyForDeploymentPostprocessing = 0;
		};
/* End PBXSourcesBuildPhase section */

/* Begin XCBuildConfiguration section */
		6B30338B29FF6E9A00CBA23C /* Debug */ = {
			isa = XCBuildConfiguration;
			buildSettings = {
				ALWAYS_SEARCH_USER_PATHS = NO;
				CLANG_ANALYZER_NONNULL = YES;
				CLANG_ANALYZER_NUMBER_OBJECT_CONVERSION = YES_AGGRESSIVE;
				CLANG_CXX_LANGUAGE_STANDARD = "gnu++20";
				CLANG_ENABLE_MODULES = YES;
				CLANG_ENABLE_OBJC_ARC = YES;
				CLANG_ENABLE_OBJC_WEAK = YES;
				CLANG_WARN_BLOCK_CAPTURE_AUTORELEASING = YES;
				CLANG_WARN_BOOL_CONVERSION = YES;
				CLANG_WARN_COMMA = YES;
				CLANG_WARN_CONSTANT_CONVERSION = YES;
				CLANG_WARN_DEPRECATED_OBJC_IMPLEMENTATIONS = YES;
				CLANG_WARN_DIRECT_OBJC_ISA_USAGE = YES_ERROR;
				CLANG_WARN_DOCUMENTATION_COMMENTS = YES;
				CLANG_WARN_EMPTY_BODY = YES;
				CLANG_WARN_ENUM_CONVERSION = YES;
				CLANG_WARN_INFINITE_RECURSION = YES;
				CLANG_WARN_INT_CONVERSION = YES;
				CLANG_WARN_NON_LITERAL_NULL_CONVERSION = YES;
				CLANG_WARN_OBJC_IMPLICIT_RETAIN_SELF = YES;
				CLANG_WARN_OBJC_LITERAL_CONVERSION = YES;
				CLANG_WARN_OBJC_ROOT_CLASS = YES_ERROR;
				CLANG_WARN_QUOTED_INCLUDE_IN_FRAMEWORK_HEADER = YES;
				CLANG_WARN_RANGE_LOOP_ANALYSIS = YES;
				CLANG_WARN_STRICT_PROTOTYPES = YES;
				CLANG_WARN_SUSPICIOUS_MOVE = YES;
				CLANG_WARN_UNGUARDED_AVAILABILITY = YES_AGGRESSIVE;
				CLANG_WARN_UNREACHABLE_CODE = YES;
				CLANG_WARN__DUPLICATE_METHOD_MATCH = YES;
				COPY_PHASE_STRIP = NO;
				DEBUG_INFORMATION_FORMAT = dwarf;
				ENABLE_STRICT_OBJC_MSGSEND = YES;
				ENABLE_TESTABILITY = YES;
				GCC_C_LANGUAGE_STANDARD = gnu11;
				GCC_DYNAMIC_NO_PIC = NO;
				GCC_NO_COMMON_BLOCKS = YES;
				GCC_OPTIMIZATION_LEVEL = 0;
				GCC_PREPROCESSOR_DEFINITIONS = (
					"DEBUG=1",
					"$(inherited)",
				);
				GCC_WARN_64_TO_32_BIT_CONVERSION = YES;
				GCC_WARN_ABOUT_RETURN_TYPE = YES_ERROR;
				GCC_WARN_UNDECLARED_SELECTOR = YES;
				GCC_WARN_UNINITIALIZED_AUTOS = YES_AGGRESSIVE;
				GCC_WARN_UNUSED_FUNCTION = YES;
				GCC_WARN_UNUSED_VARIABLE = YES;
				IPHONEOS_DEPLOYMENT_TARGET = 16.4;
				MTL_ENABLE_DEBUG_INFO = INCLUDE_SOURCE;
				MTL_FAST_MATH = YES;
				ONLY_ACTIVE_ARCH = YES;
				SDKROOT = iphoneos;
				SWIFT_ACTIVE_COMPILATION_CONDITIONS = DEBUG;
				SWIFT_OPTIMIZATION_LEVEL = "-Onone";
			};
			name = Debug;
		};
		6B30338C29FF6E9A00CBA23C /* Release */ = {
			isa = XCBuildConfiguration;
			buildSettings = {
				ALWAYS_SEARCH_USER_PATHS = NO;
				CLANG_ANALYZER_NONNULL = YES;
				CLANG_ANALYZER_NUMBER_OBJECT_CONVERSION = YES_AGGRESSIVE;
				CLANG_CXX_LANGUAGE_STANDARD = "gnu++20";
				CLANG_ENABLE_MODULES = YES;
				CLANG_ENABLE_OBJC_ARC = YES;
				CLANG_ENABLE_OBJC_WEAK = YES;
				CLANG_WARN_BLOCK_CAPTURE_AUTORELEASING = YES;
				CLANG_WARN_BOOL_CONVERSION = YES;
				CLANG_WARN_COMMA = YES;
				CLANG_WARN_CONSTANT_CONVERSION = YES;
				CLANG_WARN_DEPRECATED_OBJC_IMPLEMENTATIONS = YES;
				CLANG_WARN_DIRECT_OBJC_ISA_USAGE = YES_ERROR;
				CLANG_WARN_DOCUMENTATION_COMMENTS = YES;
				CLANG_WARN_EMPTY_BODY = YES;
				CLANG_WARN_ENUM_CONVERSION = YES;
				CLANG_WARN_INFINITE_RECURSION = YES;
				CLANG_WARN_INT_CONVERSION = YES;
				CLANG_WARN_NON_LITERAL_NULL_CONVERSION = YES;
				CLANG_WARN_OBJC_IMPLICIT_RETAIN_SELF = YES;
				CLANG_WARN_OBJC_LITERAL_CONVERSION = YES;
				CLANG_WARN_OBJC_ROOT_CLASS = YES_ERROR;
				CLANG_WARN_QUOTED_INCLUDE_IN_FRAMEWORK_HEADER = YES;
				CLANG_WARN_RANGE_LOOP_ANALYSIS = YES;
				CLANG_WARN_STRICT_PROTOTYPES = YES;
				CLANG_WARN_SUSPICIOUS_MOVE = YES;
				CLANG_WARN_UNGUARDED_AVAILABILITY = YES_AGGRESSIVE;
				CLANG_WARN_UNREACHABLE_CODE = YES;
				CLANG_WARN__DUPLICATE_METHOD_MATCH = YES;
				COPY_PHASE_STRIP = NO;
				DEBUG_INFORMATION_FORMAT = "dwarf-with-dsym";
				ENABLE_NS_ASSERTIONS = NO;
				ENABLE_STRICT_OBJC_MSGSEND = YES;
				GCC_C_LANGUAGE_STANDARD = gnu11;
				GCC_NO_COMMON_BLOCKS = YES;
				GCC_WARN_64_TO_32_BIT_CONVERSION = YES;
				GCC_WARN_ABOUT_RETURN_TYPE = YES_ERROR;
				GCC_WARN_UNDECLARED_SELECTOR = YES;
				GCC_WARN_UNINITIALIZED_AUTOS = YES_AGGRESSIVE;
				GCC_WARN_UNUSED_FUNCTION = YES;
				GCC_WARN_UNUSED_VARIABLE = YES;
				IPHONEOS_DEPLOYMENT_TARGET = 16.4;
				MTL_ENABLE_DEBUG_INFO = NO;
				MTL_FAST_MATH = YES;
				SDKROOT = iphoneos;
				SWIFT_COMPILATION_MODE = wholemodule;
				SWIFT_OPTIMIZATION_LEVEL = "-O";
				VALIDATE_PRODUCT = YES;
			};
			name = Release;
		};
		6B30338E29FF6E9A00CBA23C /* Debug */ = {
			isa = XCBuildConfiguration;
			buildSettings = {
				ASSETCATALOG_COMPILER_APPICON_NAME = AppIcon;
				ASSETCATALOG_COMPILER_GLOBAL_ACCENT_COLOR_NAME = AccentColor;
				CODE_SIGN_STYLE = Automatic;
				CURRENT_PROJECT_VERSION = 1;
				DEVELOPMENT_ASSET_PATHS = "\"Swift_30_Projects_ToDo/Preview Content\"";
				DEVELOPMENT_TEAM = TB9WF4459Q;
				ENABLE_PREVIEWS = YES;
				GENERATE_INFOPLIST_FILE = YES;
				INFOPLIST_KEY_UIApplicationSceneManifest_Generation = YES;
				INFOPLIST_KEY_UIApplicationSupportsIndirectInputEvents = YES;
				INFOPLIST_KEY_UILaunchScreen_Generation = YES;
				INFOPLIST_KEY_UISupportedInterfaceOrientations_iPad = "UIInterfaceOrientationPortrait UIInterfaceOrientationPortraitUpsideDown UIInterfaceOrientationLandscapeLeft UIInterfaceOrientationLandscapeRight";
				INFOPLIST_KEY_UISupportedInterfaceOrientations_iPhone = "UIInterfaceOrientationPortrait UIInterfaceOrientationLandscapeLeft UIInterfaceOrientationLandscapeRight";
				LD_RUNPATH_SEARCH_PATHS = (
					"$(inherited)",
					"@executable_path/Frameworks",
				);
				MARKETING_VERSION = 1.0;
				PRODUCT_BUNDLE_IDENTIFIER = "YC.Swift-30-Projects-ToDo";
				PRODUCT_NAME = "$(TARGET_NAME)";
				SWIFT_EMIT_LOC_STRINGS = YES;
				SWIFT_VERSION = 5.0;
				TARGETED_DEVICE_FAMILY = "1,2";
			};
			name = Debug;
		};
		6B30338F29FF6E9A00CBA23C /* Release */ = {
			isa = XCBuildConfiguration;
			buildSettings = {
				ASSETCATALOG_COMPILER_APPICON_NAME = AppIcon;
				ASSETCATALOG_COMPILER_GLOBAL_ACCENT_COLOR_NAME = AccentColor;
				CODE_SIGN_STYLE = Automatic;
				CURRENT_PROJECT_VERSION = 1;
				DEVELOPMENT_ASSET_PATHS = "\"Swift_30_Projects_ToDo/Preview Content\"";
				DEVELOPMENT_TEAM = TB9WF4459Q;
				ENABLE_PREVIEWS = YES;
				GENERATE_INFOPLIST_FILE = YES;
				INFOPLIST_KEY_UIApplicationSceneManifest_Generation = YES;
				INFOPLIST_KEY_UIApplicationSupportsIndirectInputEvents = YES;
				INFOPLIST_KEY_UILaunchScreen_Generation = YES;
				INFOPLIST_KEY_UISupportedInterfaceOrientations_iPad = "UIInterfaceOrientationPortrait UIInterfaceOrientationPortraitUpsideDown UIInterfaceOrientationLandscapeLeft UIInterfaceOrientationLandscapeRight";
				INFOPLIST_KEY_UISupportedInterfaceOrientations_iPhone = "UIInterfaceOrientationPortrait UIInterfaceOrientationLandscapeLeft UIInterfaceOrientationLandscapeRight";
				LD_RUNPATH_SEARCH_PATHS = (
					"$(inherited)",
					"@executable_path/Frameworks",
				);
				MARKETING_VERSION = 1.0;
				PRODUCT_BUNDLE_IDENTIFIER = "YC.Swift-30-Projects-ToDo";
				PRODUCT_NAME = "$(TARGET_NAME)";
				SWIFT_EMIT_LOC_STRINGS = YES;
				SWIFT_VERSION = 5.0;
				TARGETED_DEVICE_FAMILY = "1,2";
			};
			name = Release;
		};
/* End XCBuildConfiguration section */

/* Begin XCConfigurationList section */
		6B30337A29FF6E9800CBA23C /* Build configuration list for PBXProject "Swift_30_Projects_ToDo" */ = {
			isa = XCConfigurationList;
			buildConfigurations = (
				6B30338B29FF6E9A00CBA23C /* Debug */,
				6B30338C29FF6E9A00CBA23C /* Release */,
			);
			defaultConfigurationIsVisible = 0;
			defaultConfigurationName = Release;
		};
		6B30338D29FF6E9A00CBA23C /* Build configuration list for PBXNativeTarget "Swift_30_Projects_ToDo" */ = {
			isa = XCConfigurationList;
			buildConfigurations = (
				6B30338E29FF6E9A00CBA23C /* Debug */,
				6B30338F29FF6E9A00CBA23C /* Release */,
			);
			defaultConfigurationIsVisible = 0;
			defaultConfigurationName = Release;
		};
/* End XCConfigurationList section */
	};
	rootObject = 6B30337729FF6E9800CBA23C /* Project object */;
}
